<?xml version="1.0" encoding="utf-8"?>
<Project ToolsVersion="4.0" xmlns="http://schemas.microsoft.com/developer/msbuild/2003">
  <ItemGroup>
    <ClCompile Include="Bird.cpp" />
    <ClCompile Include="Camera.cpp" />
    <ClCompile Include="ClearFlag.cpp" />
    <ClCompile Include="ClearScene.cpp" />
    <ClCompile Include="Damage.cpp" />
    <ClCompile Include="EnemyMagic.cpp" />
    <ClCompile Include="Engine\CsvReader.cpp" />
    <ClCompile Include="Engine\GameObject.cpp" />
    <ClCompile Include="Engine\Main.cpp" />
    <ClCompile Include="Engine\RootObject.cpp" />
    <ClCompile Include="Engine\SceneManager.cpp" />
    <ClCompile Include="Engine\Transform.cpp" />
    <ClCompile Include="Field.cpp" />
    <ClCompile Include="GameOverScene.cpp" />
    <ClCompile Include="Ghost.cpp" />
    <ClCompile Include="HealItem.cpp" />
    <ClCompile Include="Hp.cpp" />
    <ClCompile Include="MP.cpp" />
    <ClCompile Include="MpItem.cpp" />
    <ClCompile Include="Player.cpp" />
    <ClCompile Include="LoadScene.cpp" />
    <ClCompile Include="Score.cpp" />
    <ClCompile Include="Rock.cpp" />
    <ClCompile Include="Slime.cpp" />
    <ClCompile Include="Magic.cpp" />
    <ClCompile Include="PlayScene.cpp" />
    <ClCompile Include="Time.cpp" />
    <ClCompile Include="TitleScene.cpp" />
    <ClCompile Include="Weather.cpp" />
    <ClCompile Include="Logo.cpp" />
    <ClCompile Include="WeatherChangeEffect.cpp">
      <Filter>Effect</Filter>
    </ClCompile>
    <ClCompile Include="LandingEffect.cpp">
      <Filter>Effect</Filter>
    </ClCompile>
    <ClCompile Include="FreezeEffect.cpp">
      <Filter>Effect</Filter>
    </ClCompile>
    <ClCompile Include="WeatherBackGround.cpp">
      <Filter>Effect</Filter>
    </ClCompile>
  </ItemGroup>
  <ItemGroup>
    <ClInclude Include="Bird.h" />
    <ClInclude Include="Camera.h" />
    <ClInclude Include="ClearFlag.h" />
    <ClInclude Include="ClearScene.h" />
    <ClInclude Include="Damage.h" />
    <ClInclude Include="EnemyMagic.h" />
    <ClInclude Include="Engine\CsvReader.h" />
    <ClInclude Include="Engine\GameObject.h" />
    <ClInclude Include="Engine\Global.h" />
    <ClInclude Include="Engine\RootObject.h" />
    <ClInclude Include="Engine\SceneManager.h" />
    <ClInclude Include="Engine\Transform.h" />
    <ClInclude Include="Field.h" />
    <ClInclude Include="GameOverScene.h" />
    <ClInclude Include="Ghost.h" />
    <ClInclude Include="HealItem.h" />
    <ClInclude Include="Hp.h" />
    <ClInclude Include="MP.h" />
    <ClInclude Include="MpItem.h" />
    <ClInclude Include="Player.h" />
    <ClInclude Include="LoadScene.h" />
    <ClInclude Include="Score.h" />
    <ClInclude Include="Rock.h" />
    <ClInclude Include="Slime.h" />
    <ClInclude Include="Magic.h" />
    <ClInclude Include="PlayScene.h" />
    <ClInclude Include="Time.h" />
    <ClInclude Include="TitleScene.h" />
    <ClInclude Include="Weather.h" />
    <ClInclude Include="Logo.h" />
    <ClInclude Include="WeatherChangeEffect.h">
      <Filter>Effect</Filter>
    </ClInclude>
    <ClInclude Include="LandingEffect.h">
      <Filter>Effect</Filter>
    </ClInclude>
    <ClInclude Include="FreezeEffect.h">
      <Filter>Effect</Filter>
    </ClInclude>
    <ClInclude Include="WeatherBackGround.h">
      <Filter>Effect</Filter>
    </ClInclude>
  </ItemGroup>
  <ItemGroup>
    <Filter Include="Effect">
      <UniqueIdentifier>{1901bbed-b2bf-4b31-b464-d9da79b573f8}</UniqueIdentifier>
    </Filter>
  </ItemGroup>
</Project>